// !$*UTF8*$!
{
	archiveVersion = 1;
	classes = {
	};
	objectVersion = 46;
	objects = {

/* Begin PBXBuildFile section */
		037EC9201FC3A635000B003B /* Activity.swift in Sources */ = {isa = PBXBuildFile; fileRef = 037EC91F1FC3A635000B003B /* Activity.swift */; };
		037EC9221FC3AC54000B003B /* activityEntry.swift in Sources */ = {isa = PBXBuildFile; fileRef = 037EC9211FC3AC54000B003B /* activityEntry.swift */; };
		0E06F3FE1FC5343B008EF860 /* QuestionaireViewController.swift in Sources */ = {isa = PBXBuildFile; fileRef = 0E06F3FD1FC5343B008EF860 /* QuestionaireViewController.swift */; };
		35BBBD3D1FC544DC00118094 /* LoginController.swift in Sources */ = {isa = PBXBuildFile; fileRef = 35BBBD3C1FC544DC00118094 /* LoginController.swift */; };
		35BBBD3F1FC5450200118094 /* SignupController.swift in Sources */ = {isa = PBXBuildFile; fileRef = 35BBBD3E1FC5450200118094 /* SignupController.swift */; };
		F944B0541FC5495400292D4F /* QuestionareTableViewController.swift in Sources */ = {isa = PBXBuildFile; fileRef = F944B0531FC5495400292D4F /* QuestionareTableViewController.swift */; };
		F944B0561FC54D4F00292D4F /* LaunchController.swift in Sources */ = {isa = PBXBuildFile; fileRef = F944B0551FC54D4F00292D4F /* LaunchController.swift */; };
		F944B05A1FC7641400292D4F /* TestViewController.swift in Sources */ = {isa = PBXBuildFile; fileRef = F944B0591FC7641400292D4F /* TestViewController.swift */; };
		F9812EC51FC1EDEC001BBD8F /* ProfileController.swift in Sources */ = {isa = PBXBuildFile; fileRef = F9812EC41FC1EDEC001BBD8F /* ProfileController.swift */; };
		F9812ECC1FC1EF84001BBD8F /* Main.storyboard in Resources */ = {isa = PBXBuildFile; fileRef = F9812ECA1FC1EF84001BBD8F /* Main.storyboard */; };
		F9812ECE1FC1EFCF001BBD8F /* HistoryController.swift in Sources */ = {isa = PBXBuildFile; fileRef = F9812ECD1FC1EFCF001BBD8F /* HistoryController.swift */; };
		F9812ED21FC1F0DC001BBD8F /* ProfileEditController.swift in Sources */ = {isa = PBXBuildFile; fileRef = F9812ED11FC1F0DC001BBD8F /* ProfileEditController.swift */; };
		F9812ED41FC1F0F0001BBD8F /* PasswordEditController.swift in Sources */ = {isa = PBXBuildFile; fileRef = F9812ED31FC1F0F0001BBD8F /* PasswordEditController.swift */; };
		F9812ED61FC1F27D001BBD8F /* Launch Screen.storyboard in Resources */ = {isa = PBXBuildFile; fileRef = F9812ED51FC1F27D001BBD8F /* Launch Screen.storyboard */; };
		F9B091DB1FBA7C2E000357EC /* AppDelegate.swift in Sources */ = {isa = PBXBuildFile; fileRef = F9B091DA1FBA7C2E000357EC /* AppDelegate.swift */; };
		F9B091DD1FBA7C2E000357EC /* HomeController.swift in Sources */ = {isa = PBXBuildFile; fileRef = F9B091DC1FBA7C2E000357EC /* HomeController.swift */; };
		F9B091E31FBA7C2E000357EC /* best_app_ever.xcdatamodeld in Sources */ = {isa = PBXBuildFile; fileRef = F9B091E11FBA7C2E000357EC /* best_app_ever.xcdatamodeld */; };
		F9B091E51FBA7C2F000357EC /* Assets.xcassets in Resources */ = {isa = PBXBuildFile; fileRef = F9B091E41FBA7C2F000357EC /* Assets.xcassets */; };
		F9B091E81FBA7C2F000357EC /* LaunchScreen.storyboard in Resources */ = {isa = PBXBuildFile; fileRef = F9B091E61FBA7C2F000357EC /* LaunchScreen.storyboard */; };
		F9B091F31FBA7C2F000357EC /* best_app_everTests.swift in Sources */ = {isa = PBXBuildFile; fileRef = F9B091F21FBA7C2F000357EC /* best_app_everTests.swift */; };
		F9B091FE1FC12726000357EC /* User.swift in Sources */ = {isa = PBXBuildFile; fileRef = F9B091FD1FC12726000357EC /* User.swift */; };
		F9B092001FC12785000357EC /* Diagnose.swift in Sources */ = {isa = PBXBuildFile; fileRef = F9B091FF1FC12785000357EC /* Diagnose.swift */; };
		F9B092021FC12796000357EC /* Monitoring.swift in Sources */ = {isa = PBXBuildFile; fileRef = F9B092011FC12796000357EC /* Monitoring.swift */; };
		F9B092041FC12811000357EC /* DataManagment.swift in Sources */ = {isa = PBXBuildFile; fileRef = F9B092031FC12811000357EC /* DataManagment.swift */; };
		F9F01DD71FD51EE8001EE5F5 /* TabBarController.swift in Sources */ = {isa = PBXBuildFile; fileRef = F9F01DD61FD51EE8001EE5F5 /* TabBarController.swift */; };
/* End PBXBuildFile section */

/* Begin PBXContainerItemProxy section */
		F9B091EF1FBA7C2F000357EC /* PBXContainerItemProxy */ = {
			isa = PBXContainerItemProxy;
			containerPortal = F9B091CF1FBA7C2E000357EC /* Project object */;
			proxyType = 1;
			remoteGlobalIDString = F9B091D61FBA7C2E000357EC;
			remoteInfo = best_app_ever;
		};
/* End PBXContainerItemProxy section */

/* Begin PBXFileReference section */
		037EC91F1FC3A635000B003B /* Activity.swift */ = {isa = PBXFileReference; fileEncoding = 4; lastKnownFileType = sourcecode.swift; path = Activity.swift; sourceTree = "<group>"; };
		037EC9211FC3AC54000B003B /* activityEntry.swift */ = {isa = PBXFileReference; fileEncoding = 4; lastKnownFileType = sourcecode.swift; path = activityEntry.swift; sourceTree = "<group>"; };
		0E06F3FD1FC5343B008EF860 /* QuestionaireViewController.swift */ = {isa = PBXFileReference; lastKnownFileType = sourcecode.swift; path = QuestionaireViewController.swift; sourceTree = "<group>"; };
		35BBBD3C1FC544DC00118094 /* LoginController.swift */ = {isa = PBXFileReference; lastKnownFileType = sourcecode.swift; path = LoginController.swift; sourceTree = "<group>"; };
		35BBBD3E1FC5450200118094 /* SignupController.swift */ = {isa = PBXFileReference; lastKnownFileType = sourcecode.swift; path = SignupController.swift; sourceTree = "<group>"; };
		F944B0531FC5495400292D4F /* QuestionareTableViewController.swift */ = {isa = PBXFileReference; fileEncoding = 4; lastKnownFileType = sourcecode.swift; name = QuestionareTableViewController.swift; path = ../QuestionareTableViewController.swift; sourceTree = "<group>"; };
		F944B0551FC54D4F00292D4F /* LaunchController.swift */ = {isa = PBXFileReference; fileEncoding = 4; lastKnownFileType = sourcecode.swift; path = LaunchController.swift; sourceTree = "<group>"; };
		F944B0591FC7641400292D4F /* TestViewController.swift */ = {isa = PBXFileReference; fileEncoding = 4; lastKnownFileType = sourcecode.swift; path = TestViewController.swift; sourceTree = "<group>"; };
		F9812EC41FC1EDEC001BBD8F /* ProfileController.swift */ = {isa = PBXFileReference; fileEncoding = 4; lastKnownFileType = sourcecode.swift; path = ProfileController.swift; sourceTree = "<group>"; };
		F9812ECB1FC1EF84001BBD8F /* Base */ = {isa = PBXFileReference; lastKnownFileType = file.storyboard; name = Base; path = Base.lproj/Main.storyboard; sourceTree = "<group>"; };
		F9812ECD1FC1EFCF001BBD8F /* HistoryController.swift */ = {isa = PBXFileReference; fileEncoding = 4; lastKnownFileType = sourcecode.swift; path = HistoryController.swift; sourceTree = "<group>"; };
		F9812ED11FC1F0DC001BBD8F /* ProfileEditController.swift */ = {isa = PBXFileReference; fileEncoding = 4; lastKnownFileType = sourcecode.swift; path = ProfileEditController.swift; sourceTree = "<group>"; };
		F9812ED31FC1F0F0001BBD8F /* PasswordEditController.swift */ = {isa = PBXFileReference; fileEncoding = 4; lastKnownFileType = sourcecode.swift; path = PasswordEditController.swift; sourceTree = "<group>"; };
		F9812ED51FC1F27D001BBD8F /* Launch Screen.storyboard */ = {isa = PBXFileReference; fileEncoding = 4; lastKnownFileType = file.storyboard; path = "Launch Screen.storyboard"; sourceTree = "<group>"; };
		F9B091D71FBA7C2E000357EC /* best_app_ever.app */ = {isa = PBXFileReference; explicitFileType = wrapper.application; includeInIndex = 0; path = best_app_ever.app; sourceTree = BUILT_PRODUCTS_DIR; };
		F9B091DA1FBA7C2E000357EC /* AppDelegate.swift */ = {isa = PBXFileReference; lastKnownFileType = sourcecode.swift; path = AppDelegate.swift; sourceTree = "<group>"; };
		F9B091DC1FBA7C2E000357EC /* HomeController.swift */ = {isa = PBXFileReference; lastKnownFileType = sourcecode.swift; path = HomeController.swift; sourceTree = "<group>"; };
		F9B091E21FBA7C2E000357EC /* best_app_ever.xcdatamodel */ = {isa = PBXFileReference; lastKnownFileType = wrapper.xcdatamodel; path = best_app_ever.xcdatamodel; sourceTree = "<group>"; };
		F9B091E41FBA7C2F000357EC /* Assets.xcassets */ = {isa = PBXFileReference; lastKnownFileType = folder.assetcatalog; path = Assets.xcassets; sourceTree = "<group>"; };
		F9B091E71FBA7C2F000357EC /* Base */ = {isa = PBXFileReference; lastKnownFileType = file.storyboard; name = Base; path = Base.lproj/LaunchScreen.storyboard; sourceTree = "<group>"; };
		F9B091E91FBA7C2F000357EC /* Info.plist */ = {isa = PBXFileReference; lastKnownFileType = text.plist.xml; path = Info.plist; sourceTree = "<group>"; };
		F9B091EE1FBA7C2F000357EC /* best_app_everTests.xctest */ = {isa = PBXFileReference; explicitFileType = wrapper.cfbundle; includeInIndex = 0; path = best_app_everTests.xctest; sourceTree = BUILT_PRODUCTS_DIR; };
		F9B091F21FBA7C2F000357EC /* best_app_everTests.swift */ = {isa = PBXFileReference; lastKnownFileType = sourcecode.swift; path = best_app_everTests.swift; sourceTree = "<group>"; };
		F9B091F41FBA7C2F000357EC /* Info.plist */ = {isa = PBXFileReference; lastKnownFileType = text.plist.xml; path = Info.plist; sourceTree = "<group>"; };
		F9B091FD1FC12726000357EC /* User.swift */ = {isa = PBXFileReference; fileEncoding = 4; lastKnownFileType = sourcecode.swift; path = User.swift; sourceTree = "<group>"; };
		F9B091FF1FC12785000357EC /* Diagnose.swift */ = {isa = PBXFileReference; fileEncoding = 4; lastKnownFileType = sourcecode.swift; path = Diagnose.swift; sourceTree = "<group>"; };
		F9B092011FC12796000357EC /* Monitoring.swift */ = {isa = PBXFileReference; fileEncoding = 4; lastKnownFileType = sourcecode.swift; path = Monitoring.swift; sourceTree = "<group>"; };
		F9B092031FC12811000357EC /* DataManagment.swift */ = {isa = PBXFileReference; fileEncoding = 4; lastKnownFileType = sourcecode.swift; path = DataManagment.swift; sourceTree = "<group>"; };
		F9F01DD61FD51EE8001EE5F5 /* TabBarController.swift */ = {isa = PBXFileReference; lastKnownFileType = sourcecode.swift; path = TabBarController.swift; sourceTree = "<group>"; };
/* End PBXFileReference section */

/* Begin PBXFrameworksBuildPhase section */
		F9B091D41FBA7C2E000357EC /* Frameworks */ = {
			isa = PBXFrameworksBuildPhase;
			buildActionMask = 2147483647;
			files = (
			);
			runOnlyForDeploymentPostprocessing = 0;
		};
		F9B091EB1FBA7C2F000357EC /* Frameworks */ = {
			isa = PBXFrameworksBuildPhase;
			buildActionMask = 2147483647;
			files = (
			);
			runOnlyForDeploymentPostprocessing = 0;
		};
/* End PBXFrameworksBuildPhase section */

/* Begin PBXGroup section */
		F9B091CE1FBA7C2E000357EC = {
			isa = PBXGroup;
			children = (
				F9B091D91FBA7C2E000357EC /* best_app_ever */,
				F9B091F11FBA7C2F000357EC /* best_app_everTests */,
				F9B091D81FBA7C2E000357EC /* Products */,
			);
			sourceTree = "<group>";
		};
		F9B091D81FBA7C2E000357EC /* Products */ = {
			isa = PBXGroup;
			children = (
				F9B091D71FBA7C2E000357EC /* best_app_ever.app */,
				F9B091EE1FBA7C2F000357EC /* best_app_everTests.xctest */,
			);
			name = Products;
			sourceTree = "<group>";
		};
		F9B091D91FBA7C2E000357EC /* best_app_ever */ = {
			isa = PBXGroup;
			children = (
				F9B092051FC12A10000357EC /* Models */,
				F9B091DA1FBA7C2E000357EC /* AppDelegate.swift */,
				F944B0551FC54D4F00292D4F /* LaunchController.swift */,
				037EC9211FC3AC54000B003B /* activityEntry.swift */,
				F9B091DC1FBA7C2E000357EC /* HomeController.swift */,
				F9812ECD1FC1EFCF001BBD8F /* HistoryController.swift */,
				0E06F3FD1FC5343B008EF860 /* QuestionaireViewController.swift */,
				F944B0531FC5495400292D4F /* QuestionareTableViewController.swift */,
				F9812EC41FC1EDEC001BBD8F /* ProfileController.swift */,
				F9812ED11FC1F0DC001BBD8F /* ProfileEditController.swift */,
				F9F01DD61FD51EE8001EE5F5 /* TabBarController.swift */,
				F9812ED31FC1F0F0001BBD8F /* PasswordEditController.swift */,
				35BBBD3C1FC544DC00118094 /* LoginController.swift */,
				35BBBD3E1FC5450200118094 /* SignupController.swift */,
				F944B0591FC7641400292D4F /* TestViewController.swift */,
				F9812ECA1FC1EF84001BBD8F /* Main.storyboard */,
				F9812ED51FC1F27D001BBD8F /* Launch Screen.storyboard */,
				F9B091E41FBA7C2F000357EC /* Assets.xcassets */,
				F9B091E61FBA7C2F000357EC /* LaunchScreen.storyboard */,
				F9B091E91FBA7C2F000357EC /* Info.plist */,
				F9B091E11FBA7C2E000357EC /* best_app_ever.xcdatamodeld */,
			);
			path = best_app_ever;
			sourceTree = "<group>";
		};
		F9B091F11FBA7C2F000357EC /* best_app_everTests */ = {
			isa = PBXGroup;
			children = (
				F9B091F21FBA7C2F000357EC /* best_app_everTests.swift */,
				F9B091F41FBA7C2F000357EC /* Info.plist */,
			);
			path = best_app_everTests;
			sourceTree = "<group>";
		};
		F9B092051FC12A10000357EC /* Models */ = {
			isa = PBXGroup;
			children = (
				F9B091FD1FC12726000357EC /* User.swift */,
				F9B091FF1FC12785000357EC /* Diagnose.swift */,
				F9B092011FC12796000357EC /* Monitoring.swift */,
				F9B092031FC12811000357EC /* DataManagment.swift */,
				037EC91F1FC3A635000B003B /* Activity.swift */,
			);
			name = Models;
			sourceTree = "<group>";
		};
/* End PBXGroup section */

/* Begin PBXNativeTarget section */
		F9B091D61FBA7C2E000357EC /* best_app_ever */ = {
			isa = PBXNativeTarget;
			buildConfigurationList = F9B091F71FBA7C2F000357EC /* Build configuration list for PBXNativeTarget "best_app_ever" */;
			buildPhases = (
				F9B091D31FBA7C2E000357EC /* Sources */,
				F9B091D41FBA7C2E000357EC /* Frameworks */,
				F9B091D51FBA7C2E000357EC /* Resources */,
			);
			buildRules = (
			);
			dependencies = (
			);
			name = best_app_ever;
			productName = best_app_ever;
			productReference = F9B091D71FBA7C2E000357EC /* best_app_ever.app */;
			productType = "com.apple.product-type.application";
		};
		F9B091ED1FBA7C2F000357EC /* best_app_everTests */ = {
			isa = PBXNativeTarget;
			buildConfigurationList = F9B091FA1FBA7C2F000357EC /* Build configuration list for PBXNativeTarget "best_app_everTests" */;
			buildPhases = (
				F9B091EA1FBA7C2F000357EC /* Sources */,
				F9B091EB1FBA7C2F000357EC /* Frameworks */,
				F9B091EC1FBA7C2F000357EC /* Resources */,
			);
			buildRules = (
			);
			dependencies = (
				F9B091F01FBA7C2F000357EC /* PBXTargetDependency */,
			);
			name = best_app_everTests;
			productName = best_app_everTests;
			productReference = F9B091EE1FBA7C2F000357EC /* best_app_everTests.xctest */;
			productType = "com.apple.product-type.bundle.unit-test";
		};
/* End PBXNativeTarget section */

/* Begin PBXProject section */
		F9B091CF1FBA7C2E000357EC /* Project object */ = {
			isa = PBXProject;
			attributes = {
				LastSwiftUpdateCheck = 0830;
				LastUpgradeCheck = 0830;
				ORGANIZATIONNAME = "iOS Class";
				TargetAttributes = {
					F9B091D61FBA7C2E000357EC = {
						CreatedOnToolsVersion = 8.3.3;
						ProvisioningStyle = Automatic;
					};
					F9B091ED1FBA7C2F000357EC = {
						CreatedOnToolsVersion = 8.3.3;
						ProvisioningStyle = Automatic;
						TestTargetID = F9B091D61FBA7C2E000357EC;
					};
				};
			};
			buildConfigurationList = F9B091D21FBA7C2E000357EC /* Build configuration list for PBXProject "best_app_ever" */;
			compatibilityVersion = "Xcode 3.2";
			developmentRegion = English;
			hasScannedForEncodings = 0;
			knownRegions = (
				en,
				Base,
			);
			mainGroup = F9B091CE1FBA7C2E000357EC;
			productRefGroup = F9B091D81FBA7C2E000357EC /* Products */;
			projectDirPath = "";
			projectRoot = "";
			targets = (
				F9B091D61FBA7C2E000357EC /* best_app_ever */,
				F9B091ED1FBA7C2F000357EC /* best_app_everTests */,
			);
		};
/* End PBXProject section */

/* Begin PBXResourcesBuildPhase section */
		F9B091D51FBA7C2E000357EC /* Resources */ = {
			isa = PBXResourcesBuildPhase;
			buildActionMask = 2147483647;
			files = (
				F9812ECC1FC1EF84001BBD8F /* Main.storyboard in Resources */,
				F9B091E81FBA7C2F000357EC /* LaunchScreen.storyboard in Resources */,
				F9812ED61FC1F27D001BBD8F /* Launch Screen.storyboard in Resources */,
				F9B091E51FBA7C2F000357EC /* Assets.xcassets in Resources */,
			);
			runOnlyForDeploymentPostprocessing = 0;
		};
		F9B091EC1FBA7C2F000357EC /* Resources */ = {
			isa = PBXResourcesBuildPhase;
			buildActionMask = 2147483647;
			files = (
			);
			runOnlyForDeploymentPostprocessing = 0;
		};
/* End PBXResourcesBuildPhase section */

/* Begin PBXSourcesBuildPhase section */
		F9B091D31FBA7C2E000357EC /* Sources */ = {
			isa = PBXSourcesBuildPhase;
			buildActionMask = 2147483647;
			files = (
				F9B091FE1FC12726000357EC /* User.swift in Sources */,
				F944B05A1FC7641400292D4F /* TestViewController.swift in Sources */,
				F9B091DD1FBA7C2E000357EC /* HomeController.swift in Sources */,
				F9B092041FC12811000357EC /* DataManagment.swift in Sources */,
				F9B091DB1FBA7C2E000357EC /* AppDelegate.swift in Sources */,
				35BBBD3D1FC544DC00118094 /* LoginController.swift in Sources */,
				F9812ECE1FC1EFCF001BBD8F /* HistoryController.swift in Sources */,
				F944B0541FC5495400292D4F /* QuestionareTableViewController.swift in Sources */,
				F9B092021FC12796000357EC /* Monitoring.swift in Sources */,
				0E06F3FE1FC5343B008EF860 /* QuestionaireViewController.swift in Sources */,
				F9812ED21FC1F0DC001BBD8F /* ProfileEditController.swift in Sources */,
				037EC9221FC3AC54000B003B /* activityEntry.swift in Sources */,
				F9B091E31FBA7C2E000357EC /* best_app_ever.xcdatamodeld in Sources */,
				F9F01DD71FD51EE8001EE5F5 /* TabBarController.swift in Sources */,
				35BBBD3F1FC5450200118094 /* SignupController.swift in Sources */,
				F9812ED41FC1F0F0001BBD8F /* PasswordEditController.swift in Sources */,
				F9B092001FC12785000357EC /* Diagnose.swift in Sources */,
				037EC9201FC3A635000B003B /* Activity.swift in Sources */,
				F944B0561FC54D4F00292D4F /* LaunchController.swift in Sources */,
				F9812EC51FC1EDEC001BBD8F /* ProfileController.swift in Sources */,
			);
			runOnlyForDeploymentPostprocessing = 0;
		};
		F9B091EA1FBA7C2F000357EC /* Sources */ = {
			isa = PBXSourcesBuildPhase;
			buildActionMask = 2147483647;
			files = (
				F9B091F31FBA7C2F000357EC /* best_app_everTests.swift in Sources */,
			);
			runOnlyForDeploymentPostprocessing = 0;
		};
/* End PBXSourcesBuildPhase section */

/* Begin PBXTargetDependency section */
		F9B091F01FBA7C2F000357EC /* PBXTargetDependency */ = {
			isa = PBXTargetDependency;
			target = F9B091D61FBA7C2E000357EC /* best_app_ever */;
			targetProxy = F9B091EF1FBA7C2F000357EC /* PBXContainerItemProxy */;
		};
/* End PBXTargetDependency section */

/* Begin PBXVariantGroup section */
		F9812ECA1FC1EF84001BBD8F /* Main.storyboard */ = {
			isa = PBXVariantGroup;
			children = (
				F9812ECB1FC1EF84001BBD8F /* Base */,
			);
			name = Main.storyboard;
			sourceTree = "<group>";
		};
		F9B091E61FBA7C2F000357EC /* LaunchScreen.storyboard */ = {
			isa = PBXVariantGroup;
			children = (
				F9B091E71FBA7C2F000357EC /* Base */,
			);
			name = LaunchScreen.storyboard;
			sourceTree = "<group>";
		};
/* End PBXVariantGroup section */

/* Begin XCBuildConfiguration section */
		F9B091F51FBA7C2F000357EC /* Debug */ = {
			isa = XCBuildConfiguration;
			buildSettings = {
				ALWAYS_SEARCH_USER_PATHS = NO;
				CLANG_ANALYZER_NONNULL = YES;
				CLANG_ANALYZER_NUMBER_OBJECT_CONVERSION = YES_AGGRESSIVE;
				CLANG_CXX_LANGUAGE_STANDARD = "gnu++0x";
				CLANG_CXX_LIBRARY = "libc++";
				CLANG_ENABLE_MODULES = YES;
				CLANG_ENABLE_OBJC_ARC = YES;
				CLANG_WARN_BOOL_CONVERSION = YES;
				CLANG_WARN_CONSTANT_CONVERSION = YES;
				CLANG_WARN_DIRECT_OBJC_ISA_USAGE = YES_ERROR;
				CLANG_WARN_DOCUMENTATION_COMMENTS = YES;
				CLANG_WARN_EMPTY_BODY = YES;
				CLANG_WARN_ENUM_CONVERSION = YES;
				CLANG_WARN_INFINITE_RECURSION = YES;
				CLANG_WARN_INT_CONVERSION = YES;
				CLANG_WARN_OBJC_ROOT_CLASS = YES_ERROR;
				CLANG_WARN_SUSPICIOUS_MOVE = YES;
				CLANG_WARN_UNREACHABLE_CODE = YES;
				CLANG_WARN__DUPLICATE_METHOD_MATCH = YES;
				"CODE_SIGN_IDENTITY[sdk=iphoneos*]" = "iPhone Developer";
				COPY_PHASE_STRIP = NO;
				DEBUG_INFORMATION_FORMAT = dwarf;
				ENABLE_STRICT_OBJC_MSGSEND = YES;
				ENABLE_TESTABILITY = YES;
				GCC_C_LANGUAGE_STANDARD = gnu99;
				GCC_DYNAMIC_NO_PIC = NO;
				GCC_NO_COMMON_BLOCKS = YES;
				GCC_OPTIMIZATION_LEVEL = 0;
				GCC_PREPROCESSOR_DEFINITIONS = (
					"DEBUG=1",
					"$(inherited)",
				);
				GCC_WARN_64_TO_32_BIT_CONVERSION = YES;
				GCC_WARN_ABOUT_RETURN_TYPE = YES_ERROR;
				GCC_WARN_UNDECLARED_SELECTOR = YES;
				GCC_WARN_UNINITIALIZED_AUTOS = YES_AGGRESSIVE;
				GCC_WARN_UNUSED_FUNCTION = YES;
				GCC_WARN_UNUSED_VARIABLE = YES;
				IPHONEOS_DEPLOYMENT_TARGET = 10.3;
				MTL_ENABLE_DEBUG_INFO = YES;
				ONLY_ACTIVE_ARCH = YES;
				SDKROOT = iphoneos;
				SWIFT_ACTIVE_COMPILATION_CONDITIONS = DEBUG;
				SWIFT_OPTIMIZATION_LEVEL = "-Onone";
			};
			name = Debug;
		};
		F9B091F61FBA7C2F000357EC /* Release */ = {
			isa = XCBuildConfiguration;
			buildSettings = {
				ALWAYS_SEARCH_USER_PATHS = NO;
				CLANG_ANALYZER_NONNULL = YES;
				CLANG_ANALYZER_NUMBER_OBJECT_CONVERSION = YES_AGGRESSIVE;
				CLANG_CXX_LANGUAGE_STANDARD = "gnu++0x";
				CLANG_CXX_LIBRARY = "libc++";
				CLANG_ENABLE_MODULES = YES;
				CLANG_ENABLE_OBJC_ARC = YES;
				CLANG_WARN_BOOL_CONVERSION = YES;
				CLANG_WARN_CONSTANT_CONVERSION = YES;
				CLANG_WARN_DIRECT_OBJC_ISA_USAGE = YES_ERROR;
				CLANG_WARN_DOCUMENTATION_COMMENTS = YES;
				CLANG_WARN_EMPTY_BODY = YES;
				CLANG_WARN_ENUM_CONVERSION = YES;
				CLANG_WARN_INFINITE_RECURSION = YES;
				CLANG_WARN_INT_CONVERSION = YES;
				CLANG_WARN_OBJC_ROOT_CLASS = YES_ERROR;
				CLANG_WARN_SUSPICIOUS_MOVE = YES;
				CLANG_WARN_UNREACHABLE_CODE = YES;
				CLANG_WARN__DUPLICATE_METHOD_MATCH = YES;
				"CODE_SIGN_IDENTITY[sdk=iphoneos*]" = "iPhone Developer";
				COPY_PHASE_STRIP = NO;
				DEBUG_INFORMATION_FORMAT = "dwarf-with-dsym";
				ENABLE_NS_ASSERTIONS = NO;
				ENABLE_STRICT_OBJC_MSGSEND = YES;
				GCC_C_LANGUAGE_STANDARD = gnu99;
				GCC_NO_COMMON_BLOCKS = YES;
				GCC_WARN_64_TO_32_BIT_CONVERSION = YES;
				GCC_WARN_ABOUT_RETURN_TYPE = YES_ERROR;
				GCC_WARN_UNDECLARED_SELECTOR = YES;
				GCC_WARN_UNINITIALIZED_AUTOS = YES_AGGRESSIVE;
				GCC_WARN_UNUSED_FUNCTION = YES;
				GCC_WARN_UNUSED_VARIABLE = YES;
				IPHONEOS_DEPLOYMENT_TARGET = 10.3;
				MTL_ENABLE_DEBUG_INFO = NO;
				SDKROOT = iphoneos;
				SWIFT_OPTIMIZATION_LEVEL = "-Owholemodule";
				VALIDATE_PRODUCT = YES;
			};
			name = Release;
		};
		F9B091F81FBA7C2F000357EC /* Debug */ = {
			isa = XCBuildConfiguration;
			buildSettings = {
				ASSETCATALOG_COMPILER_APPICON_NAME = AppIcon;
				INFOPLIST_FILE = best_app_ever/Info.plist;
				LD_RUNPATH_SEARCH_PATHS = "$(inherited) @executable_path/Frameworks";
				PRODUCT_BUNDLE_IDENTIFIER = "Alexan-Gomez.best-app-ever";
				PRODUCT_NAME = "$(TARGET_NAME)";
				SWIFT_VERSION = 3.0;
			};
			name = Debug;
		};
		F9B091F91FBA7C2F000357EC /* Release */ = {
			isa = XCBuildConfiguration;
			buildSettings = {
				ASSETCATALOG_COMPILER_APPICON_NAME = AppIcon;
				INFOPLIST_FILE = best_app_ever/Info.plist;
				LD_RUNPATH_SEARCH_PATHS = "$(inherited) @executable_path/Frameworks";
				PRODUCT_BUNDLE_IDENTIFIER = "Alexan-Gomez.best-app-ever";
				PRODUCT_NAME = "$(TARGET_NAME)";
				SWIFT_VERSION = 3.0;
			};
			name = Release;
		};
		F9B091FB1FBA7C2F000357EC /* Debug */ = {
			isa = XCBuildConfiguration;
			buildSettings = {
				ALWAYS_EMBED_SWIFT_STANDARD_LIBRARIES = YES;
				BUNDLE_LOADER = "$(TEST_HOST)";
				INFOPLIST_FILE = best_app_everTests/Info.plist;
				LD_RUNPATH_SEARCH_PATHS = "$(inherited) @executable_path/Frameworks @loader_path/Frameworks";
				PRODUCT_BUNDLE_IDENTIFIER = "Alexan-Gomez.best-app-everTests";
				PRODUCT_NAME = "$(TARGET_NAME)";
				SWIFT_VERSION = 3.0;
				TEST_HOST = "$(BUILT_PRODUCTS_DIR)/best_app_ever.app/best_app_ever";
			};
			name = Debug;
		};
		F9B091FC1FBA7C2F000357EC /* Release */ = {
			isa = XCBuildConfiguration;
			buildSettings = {
				ALWAYS_EMBED_SWIFT_STANDARD_LIBRARIES = YES;
				BUNDLE_LOADER = "$(TEST_HOST)";
				INFOPLIST_FILE = best_app_everTests/Info.plist;
				LD_RUNPATH_SEARCH_PATHS = "$(inherited) @executable_path/Frameworks @loader_path/Frameworks";
				PRODUCT_BUNDLE_IDENTIFIER = "Alexan-Gomez.best-app-everTests";
				PRODUCT_NAME = "$(TARGET_NAME)";
				SWIFT_VERSION = 3.0;
				TEST_HOST = "$(BUILT_PRODUCTS_DIR)/best_app_ever.app/best_app_ever";
			};
			name = Release;
		};
/* End XCBuildConfiguration section */

/* Begin XCConfigurationList section */
		F9B091D21FBA7C2E000357EC /* Build configuration list for PBXProject "best_app_ever" */ = {
			isa = XCConfigurationList;
			buildConfigurations = (
				F9B091F51FBA7C2F000357EC /* Debug */,
				F9B091F61FBA7C2F000357EC /* Release */,
			);
			defaultConfigurationIsVisible = 0;
			defaultConfigurationName = Release;
		};
		F9B091F71FBA7C2F000357EC /* Build configuration list for PBXNativeTarget "best_app_ever" */ = {
			isa = XCConfigurationList;
			buildConfigurations = (
				F9B091F81FBA7C2F000357EC /* Debug */,
				F9B091F91FBA7C2F000357EC /* Release */,
			);
			defaultConfigurationIsVisible = 0;
			defaultConfigurationName = Release;
		};
		F9B091FA1FBA7C2F000357EC /* Build configuration list for PBXNativeTarget "best_app_everTests" */ = {
			isa = XCConfigurationList;
			buildConfigurations = (
				F9B091FB1FBA7C2F000357EC /* Debug */,
				F9B091FC1FBA7C2F000357EC /* Release */,
			);
			defaultConfigurationIsVisible = 0;
			defaultConfigurationName = Release;
		};
/* End XCConfigurationList section */

/* Begin XCVersionGroup section */
		F9B091E11FBA7C2E000357EC /* best_app_ever.xcdatamodeld */ = {
			isa = XCVersionGroup;
			children = (
				F9B091E21FBA7C2E000357EC /* best_app_ever.xcdatamodel */,
			);
			currentVersion = F9B091E21FBA7C2E000357EC /* best_app_ever.xcdatamodel */;
			path = best_app_ever.xcdatamodeld;
			sourceTree = "<group>";
			versionGroupType = wrapper.xcdatamodel;
		};
/* End XCVersionGroup section */
	};
	rootObject = F9B091CF1FBA7C2E000357EC /* Project object */;
}
